
Microsoft Visual Studio Solution File, Format Version 12.00
# Visual Studio 14
VisualStudioVersion = 14.0.25420.1
MinimumVisualStudioVersion = 10.0.40219.1
Project("{FAE04EC0-301F-11D3-BF4B-00C04F79EFBC}") = "BoggleClient", "PS8\BoggleClient.csproj", "{165969F2-E3BF-4A13-9949-6C864A8F4F02}"
EndProject
Global
	GlobalSection(SolutionConfigurationPlatforms) = preSolution
		Debug|Any CPU = Debug|Any CPU
		Release|Any CPU = Release|Any CPU
	EndGlobalSection
	GlobalSection(ProjectConfigurationPlatforms) = postSolution
		{165969F2-E3BF-4A13-9949-6C864A8F4F02}.Debug|Any CPU.ActiveCfg = Debug|Any CPU
		{165969F2-E3BF-4A13-9949-6C864A8F4F02}.Debug|Any CPU.Build.0 = Debug|Any CPU
		{165969F2-E3BF-4A13-9949-6C864A8F4F02}.Release|Any CPU.ActiveCfg = Release|Any CPU
		{165969F2-E3BF-4A13-9949-6C864A8F4F02}.Release|Any CPU.Build.0 = Release|Any CPU
	EndGlobalSection
	GlobalSection(SolutionProperties) = preSolution
		HideSolutionNode = FALSE
	EndGlobalSection
EndGlobal
